
Microsoft Visual Studio Solution File, Format Version 12.00
# Visual Studio Version 17
VisualStudioVersion = 17.3.32804.467
MinimumVisualStudioVersion = 10.0.40219.1
Project("{FAE04EC0-301F-11D3-BF4B-00C04F79EFBC}") = "FirstApp", "FirstApp.csproj", "{B0B99DB3-2B5D-4005-B7F2-2C9F76167029}"
EndProject
Global
	GlobalSection(SolutionConfigurationPlatforms) = preSolution
		Debug|Any CPU = Debug|Any CPU
		Release|Any CPU = Release|Any CPU
	EndGlobalSection
	GlobalSection(ProjectConfigurationPlatforms) = postSolution
		{B0B99DB3-2B5D-4005-B7F2-2C9F76167029}.Debug|Any CPU.ActiveCfg = Debug|Any CPU
		{B0B99DB3-2B5D-4005-B7F2-2C9F76167029}.Debug|Any CPU.Build.0 = Debug|Any CPU
		{B0B99DB3-2B5D-4005-B7F2-2C9F76167029}.Release|Any CPU.ActiveCfg = Release|Any CPU
		{B0B99DB3-2B5D-4005-B7F2-2C9F76167029}.Release|Any CPU.Build.0 = Release|Any CPU
	EndGlobalSection
	GlobalSection(SolutionProperties) = preSolution
		HideSolutionNode = FALSE
	EndGlobalSection
	GlobalSection(ExtensibilityGlobals) = postSolution
		SolutionGuid = {BB1EECC7-1358-4707-8969-47A586D8FEB8}
	EndGlobalSection
EndGlobal
